
Microsoft Visual Studio Solution File, Format Version 12.00
# Visual Studio 2015
Project("{FAE04EC0-301F-11D3-BF4B-00C04F79EFBC}") = "GO Pokemon GO.CSharp", "GO Pokemon GO.CSharp.csproj", "{BBCE04F3-5B68-550F-C231-A6DE2F0A54C7}"
EndProject
Global
	GlobalSection(SolutionConfigurationPlatforms) = preSolution
		Debug|Any CPU = Debug|Any CPU
		Release|Any CPU = Release|Any CPU
	EndGlobalSection
	GlobalSection(ProjectConfigurationPlatforms) = postSolution
		{BBCE04F3-5B68-550F-C231-A6DE2F0A54C7}.Debug|Any CPU.ActiveCfg = Debug|Any CPU
		{BBCE04F3-5B68-550F-C231-A6DE2F0A54C7}.Debug|Any CPU.Build.0 = Debug|Any CPU
		{BBCE04F3-5B68-550F-C231-A6DE2F0A54C7}.Release|Any CPU.ActiveCfg = Release|Any CPU
		{BBCE04F3-5B68-550F-C231-A6DE2F0A54C7}.Release|Any CPU.Build.0 = Release|Any CPU
	EndGlobalSection
	GlobalSection(SolutionProperties) = preSolution
		HideSolutionNode = FALSE
	EndGlobalSection
EndGlobal
